
Microsoft Visual Studio Solution File, Format Version 12.00
# Visual Studio Version 17
VisualStudioVersion = 17.5.002.0
MinimumVisualStudioVersion = 10.0.40219.1
Project("{9A19103F-16F7-4668-BE54-9A1E7A4F7556}") = "Reservation", "Reservation.csproj", "{719324B4-1CA6-463D-8A9A-CA97668BB36E}"
EndProject
Global
	GlobalSection(SolutionConfigurationPlatforms) = preSolution
		Debug|Any CPU = Debug|Any CPU
		Release|Any CPU = Release|Any CPU
	EndGlobalSection
	GlobalSection(ProjectConfigurationPlatforms) = postSolution
		{719324B4-1CA6-463D-8A9A-CA97668BB36E}.Debug|Any CPU.ActiveCfg = Debug|Any CPU
		{719324B4-1CA6-463D-8A9A-CA97668BB36E}.Debug|Any CPU.Build.0 = Debug|Any CPU
		{719324B4-1CA6-463D-8A9A-CA97668BB36E}.Release|Any CPU.ActiveCfg = Release|Any CPU
		{719324B4-1CA6-463D-8A9A-CA97668BB36E}.Release|Any CPU.Build.0 = Release|Any CPU
	EndGlobalSection
	GlobalSection(SolutionProperties) = preSolution
		HideSolutionNode = FALSE
	EndGlobalSection
	GlobalSection(ExtensibilityGlobals) = postSolution
		SolutionGuid = {7A9F6187-4717-4E29-8D16-11E4D543A8E8}
	EndGlobalSection
EndGlobal
