
Microsoft Visual Studio Solution File, Format Version 12.00
# Visual Studio Version 17
VisualStudioVersion = 17.5.002.0
MinimumVisualStudioVersion = 10.0.40219.1
Project("{9A19103F-16F7-4668-BE54-9A1E7A4F7556}") = "Reservation", "Reservation\Reservation.csproj", "{31686ACE-9526-4778-AB4E-5588DF5EC8E9}"
EndProject
Project("{9A19103F-16F7-4668-BE54-9A1E7A4F7556}") = "Reservation.Application", "Reservation.Application\Reservation.Application.csproj", "{D6E46DB0-0AB7-43E4-83E4-E24D94218411}"
EndProject
Project("{9A19103F-16F7-4668-BE54-9A1E7A4F7556}") = "Reservation.Domain", "Reservation.Domain\Reservation.Domain.csproj", "{7D7E597C-06CC-4437-BDA7-1C1E6F926676}"
EndProject
Project("{9A19103F-16F7-4668-BE54-9A1E7A4F7556}") = "Reservation.Infrastructure", "Reservation.Infrastructure\Reservation.Infrastructure.csproj", "{3C89E26D-889C-43CA-B7D8-F46ADDE55FC8}"
EndProject
Project("{2150E333-8FDC-42A3-9474-1A3956D46DE8}") = "Share", "Share", "{8650A147-3970-4D42-A142-0CABCC9E6B85}"
EndProject
Project("{9A19103F-16F7-4668-BE54-9A1E7A4F7556}") = "Reservation.Share", "Share\Reservation.Share\Reservation.Share.csproj", "{D62DB7B8-7A5C-47F3-9EA4-F56659296785}"
EndProject
Project("{9A19103F-16F7-4668-BE54-9A1E7A4F7556}") = "Reservation.Share.Abstract", "Share\Reservation.Share.Abstract\Reservation.Share.Abstract.csproj", "{0DB13224-B30D-438C-A79A-1EC3E17C3F03}"
EndProject
Global
	GlobalSection(SolutionConfigurationPlatforms) = preSolution
		Debug|Any CPU = Debug|Any CPU
		Release|Any CPU = Release|Any CPU
	EndGlobalSection
	GlobalSection(ProjectConfigurationPlatforms) = postSolution
		{31686ACE-9526-4778-AB4E-5588DF5EC8E9}.Debug|Any CPU.ActiveCfg = Debug|Any CPU
		{31686ACE-9526-4778-AB4E-5588DF5EC8E9}.Debug|Any CPU.Build.0 = Debug|Any CPU
		{31686ACE-9526-4778-AB4E-5588DF5EC8E9}.Release|Any CPU.ActiveCfg = Release|Any CPU
		{31686ACE-9526-4778-AB4E-5588DF5EC8E9}.Release|Any CPU.Build.0 = Release|Any CPU
		{D6E46DB0-0AB7-43E4-83E4-E24D94218411}.Debug|Any CPU.ActiveCfg = Debug|Any CPU
		{D6E46DB0-0AB7-43E4-83E4-E24D94218411}.Debug|Any CPU.Build.0 = Debug|Any CPU
		{D6E46DB0-0AB7-43E4-83E4-E24D94218411}.Release|Any CPU.ActiveCfg = Release|Any CPU
		{D6E46DB0-0AB7-43E4-83E4-E24D94218411}.Release|Any CPU.Build.0 = Release|Any CPU
		{7D7E597C-06CC-4437-BDA7-1C1E6F926676}.Debug|Any CPU.ActiveCfg = Debug|Any CPU
		{7D7E597C-06CC-4437-BDA7-1C1E6F926676}.Debug|Any CPU.Build.0 = Debug|Any CPU
		{7D7E597C-06CC-4437-BDA7-1C1E6F926676}.Release|Any CPU.ActiveCfg = Release|Any CPU
		{7D7E597C-06CC-4437-BDA7-1C1E6F926676}.Release|Any CPU.Build.0 = Release|Any CPU
		{3C89E26D-889C-43CA-B7D8-F46ADDE55FC8}.Debug|Any CPU.ActiveCfg = Debug|Any CPU
		{3C89E26D-889C-43CA-B7D8-F46ADDE55FC8}.Debug|Any CPU.Build.0 = Debug|Any CPU
		{3C89E26D-889C-43CA-B7D8-F46ADDE55FC8}.Release|Any CPU.ActiveCfg = Release|Any CPU
		{3C89E26D-889C-43CA-B7D8-F46ADDE55FC8}.Release|Any CPU.Build.0 = Release|Any CPU
		{D62DB7B8-7A5C-47F3-9EA4-F56659296785}.Debug|Any CPU.ActiveCfg = Debug|Any CPU
		{D62DB7B8-7A5C-47F3-9EA4-F56659296785}.Debug|Any CPU.Build.0 = Debug|Any CPU
		{D62DB7B8-7A5C-47F3-9EA4-F56659296785}.Release|Any CPU.ActiveCfg = Release|Any CPU
		{D62DB7B8-7A5C-47F3-9EA4-F56659296785}.Release|Any CPU.Build.0 = Release|Any CPU
		{0DB13224-B30D-438C-A79A-1EC3E17C3F03}.Debug|Any CPU.ActiveCfg = Debug|Any CPU
		{0DB13224-B30D-438C-A79A-1EC3E17C3F03}.Debug|Any CPU.Build.0 = Debug|Any CPU
		{0DB13224-B30D-438C-A79A-1EC3E17C3F03}.Release|Any CPU.ActiveCfg = Release|Any CPU
		{0DB13224-B30D-438C-A79A-1EC3E17C3F03}.Release|Any CPU.Build.0 = Release|Any CPU
	EndGlobalSection
	GlobalSection(SolutionProperties) = preSolution
		HideSolutionNode = FALSE
	EndGlobalSection
	GlobalSection(NestedProjects) = preSolution
		{D62DB7B8-7A5C-47F3-9EA4-F56659296785} = {8650A147-3970-4D42-A142-0CABCC9E6B85}
		{0DB13224-B30D-438C-A79A-1EC3E17C3F03} = {8650A147-3970-4D42-A142-0CABCC9E6B85}
	EndGlobalSection
	GlobalSection(ExtensibilityGlobals) = postSolution
		SolutionGuid = {5BC565B9-14E1-405E-B66B-0AFDCE74CC29}
	EndGlobalSection
EndGlobal
